
Microsoft Visual Studio Solution File, Format Version 12.00
# Visual Studio Version 17
VisualStudioVersion = 17.8.34309.116
MinimumVisualStudioVersion = 10.0.40219.1
Project("{FAE04EC0-301F-11D3-BF4B-00C04F79EFBC}") = "IngilizceKelimeOgrenmeUygulamasi", "IngilizceKelimeOgrenmeUygulamasi\IngilizceKelimeOgrenmeUygulamasi.csproj", "{FD85D8CB-458D-4CBF-A8AC-92D452115450}"
EndProject
Global
	GlobalSection(SolutionConfigurationPlatforms) = preSolution
		Debug|Any CPU = Debug|Any CPU
		Release|Any CPU = Release|Any CPU
	EndGlobalSection
	GlobalSection(ProjectConfigurationPlatforms) = postSolution
		{FD85D8CB-458D-4CBF-A8AC-92D452115450}.Debug|Any CPU.ActiveCfg = Debug|Any CPU
		{FD85D8CB-458D-4CBF-A8AC-92D452115450}.Debug|Any CPU.Build.0 = Debug|Any CPU
		{FD85D8CB-458D-4CBF-A8AC-92D452115450}.Release|Any CPU.ActiveCfg = Release|Any CPU
		{FD85D8CB-458D-4CBF-A8AC-92D452115450}.Release|Any CPU.Build.0 = Release|Any CPU
	EndGlobalSection
	GlobalSection(SolutionProperties) = preSolution
		HideSolutionNode = FALSE
	EndGlobalSection
	GlobalSection(ExtensibilityGlobals) = postSolution
		SolutionGuid = {00ADE912-037D-4D3F-B11B-9CC61B6033EC}
	EndGlobalSection
EndGlobal
